
Microsoft Visual Studio Solution File, Format Version 12.00
# Visual Studio Version 16
VisualStudioVersion = 16.0.32510.428
MinimumVisualStudioVersion = 10.0.40219.1
Project("{FAE04EC0-301F-11D3-BF4B-00C04F79EFBC}") = "LoginAuthEg", "LoginAuthEg\LoginAuthEg.csproj", "{8B2C7DBC-6FDE-4D50-BE6B-4F68A0961FDE}"
EndProject
Global
	GlobalSection(SolutionConfigurationPlatforms) = preSolution
		Debug|Any CPU = Debug|Any CPU
		Release|Any CPU = Release|Any CPU
	EndGlobalSection
	GlobalSection(ProjectConfigurationPlatforms) = postSolution
		{8B2C7DBC-6FDE-4D50-BE6B-4F68A0961FDE}.Debug|Any CPU.ActiveCfg = Debug|Any CPU
		{8B2C7DBC-6FDE-4D50-BE6B-4F68A0961FDE}.Debug|Any CPU.Build.0 = Debug|Any CPU
		{8B2C7DBC-6FDE-4D50-BE6B-4F68A0961FDE}.Release|Any CPU.ActiveCfg = Release|Any CPU
		{8B2C7DBC-6FDE-4D50-BE6B-4F68A0961FDE}.Release|Any CPU.Build.0 = Release|Any CPU
	EndGlobalSection
	GlobalSection(SolutionProperties) = preSolution
		HideSolutionNode = FALSE
	EndGlobalSection
	GlobalSection(ExtensibilityGlobals) = postSolution
		SolutionGuid = {39F30CC6-D3EA-40CD-9462-CD0D6C778594}
	EndGlobalSection
EndGlobal
